// !$*UTF8*$!
{
	archiveVersion = 1;
	classes = {
	};
	objectVersion = 46;
	objects = {

/* Begin PBXBuildFile section */
		431290F51A3A7BF200C64D9A /* AppDelegate.m in Sources */ = {isa = PBXBuildFile; fileRef = 431290EE1A3A7BF200C64D9A /* AppDelegate.m */; };
		431290F61A3A7BF200C64D9A /* Color.metal in Sources */ = {isa = PBXBuildFile; fileRef = 431290EF1A3A7BF200C64D9A /* Color.metal */; };
		431290F71A3A7BF200C64D9A /* NTMetalView.m in Sources */ = {isa = PBXBuildFile; fileRef = 431290F11A3A7BF200C64D9A /* NTMetalView.m */; };
		431290F81A3A7BF200C64D9A /* ViewController.m in Sources */ = {isa = PBXBuildFile; fileRef = 431290F41A3A7BF200C64D9A /* ViewController.m */; };
		43816E311A357CEC005BD026 /* main.m in Sources */ = {isa = PBXBuildFile; fileRef = 43816E301A357CEC005BD026 /* main.m */; };
		43816E3A1A357CEC005BD026 /* Main.storyboard in Resources */ = {isa = PBXBuildFile; fileRef = 43816E381A357CEC005BD026 /* Main.storyboard */; };
		43816E3C1A357CEC005BD026 /* Images.xcassets in Resources */ = {isa = PBXBuildFile; fileRef = 43816E3B1A357CEC005BD026 /* Images.xcassets */; };
		43816E3F1A357CEC005BD026 /* LaunchScreen.xib in Resources */ = {isa = PBXBuildFile; fileRef = 43816E3D1A357CEC005BD026 /* LaunchScreen.xib */; };
		43816E4B1A357CEC005BD026 /* metal_presentationTests.m in Sources */ = {isa = PBXBuildFile; fileRef = 43816E4A1A357CEC005BD026 /* metal_presentationTests.m */; };
		43816EC61A36D6C8005BD026 /* NTCameraComponent.m in Sources */ = {isa = PBXBuildFile; fileRef = 43816E9B1A36D6C8005BD026 /* NTCameraComponent.m */; };
		43816EC71A36D6C8005BD026 /* NTComponent.mm in Sources */ = {isa = PBXBuildFile; fileRef = 43816E9D1A36D6C8005BD026 /* NTComponent.mm */; };
		43816ECC1A36D6C8005BD026 /* NTCubeWireMeshComponent.m in Sources */ = {isa = PBXBuildFile; fileRef = 43816EA71A36D6C8005BD026 /* NTCubeWireMeshComponent.m */; };
		43816ECE1A36D6C8005BD026 /* NTQuadMeshComponent.m in Sources */ = {isa = PBXBuildFile; fileRef = 43816EAB1A36D6C8005BD026 /* NTQuadMeshComponent.m */; };
		43816ECF1A36D6C8005BD026 /* NTSphereMeshComponent.m in Sources */ = {isa = PBXBuildFile; fileRef = 43816EAD1A36D6C8005BD026 /* NTSphereMeshComponent.m */; };
		43816ED01A36D6C8005BD026 /* NTTextureQuadMeshComponent.m in Sources */ = {isa = PBXBuildFile; fileRef = 43816EB01A36D6C8005BD026 /* NTTextureQuadMeshComponent.m */; };
		43816ED11A36D6C8005BD026 /* NTLineMeshComponent.mm in Sources */ = {isa = PBXBuildFile; fileRef = 43816EB21A36D6C8005BD026 /* NTLineMeshComponent.mm */; };
		43816ED21A36D6C8005BD026 /* NTSpherePlaneMeshComponent.m in Sources */ = {isa = PBXBuildFile; fileRef = 43816EB41A36D6C8005BD026 /* NTSpherePlaneMeshComponent.m */; };
		43816ED31A36D6C8005BD026 /* NTRayMeshComponent.m in Sources */ = {isa = PBXBuildFile; fileRef = 43816EB61A36D6C8005BD026 /* NTRayMeshComponent.m */; };
		43816ED41A36D6C8005BD026 /* NTObjectGroup.m in Sources */ = {isa = PBXBuildFile; fileRef = 43816EB81A36D6C8005BD026 /* NTObjectGroup.m */; };
		43816ED51A36D6C8005BD026 /* NTTexture.m in Sources */ = {isa = PBXBuildFile; fileRef = 43816EBC1A36D6C8005BD026 /* NTTexture.m */; };
		43816ED61A36D6C8005BD026 /* NTConversion.m in Sources */ = {isa = PBXBuildFile; fileRef = 43816EBE1A36D6C8005BD026 /* NTConversion.m */; };
		43816ED71A36D6C8005BD026 /* NTUtilities.m in Sources */ = {isa = PBXBuildFile; fileRef = 43816EC01A36D6C8005BD026 /* NTUtilities.m */; };
		43816ED81A36D6C8005BD026 /* NTMath.m in Sources */ = {isa = PBXBuildFile; fileRef = 43816EC21A36D6C8005BD026 /* NTMath.m */; };
		43816ED91A36D6C8005BD026 /* NTCollisionTest.m in Sources */ = {isa = PBXBuildFile; fileRef = 43816EC41A36D6C8005BD026 /* NTCollisionTest.m */; };
		438B6F881A376FC1006D0CC1 /* NTTransformComponent.m in Sources */ = {isa = PBXBuildFile; fileRef = 438B6F871A376FC1006D0CC1 /* NTTransformComponent.m */; };
		43C00E7C1A37B73B001A10D7 /* NTCubeMeshComponent.m in Sources */ = {isa = PBXBuildFile; fileRef = 43C00E7B1A37B73B001A10D7 /* NTCubeMeshComponent.m */; };
/* End PBXBuildFile section */

/* Begin PBXContainerItemProxy section */
		43816E451A357CEC005BD026 /* PBXContainerItemProxy */ = {
			isa = PBXContainerItemProxy;
			containerPortal = 43816E231A357CEC005BD026 /* Project object */;
			proxyType = 1;
			remoteGlobalIDString = 43816E2A1A357CEC005BD026;
			remoteInfo = metal_presentation;
		};
/* End PBXContainerItemProxy section */

/* Begin PBXFileReference section */
		431290ED1A3A7BF200C64D9A /* AppDelegate.h */ = {isa = PBXFileReference; fileEncoding = 4; lastKnownFileType = sourcecode.c.h; path = AppDelegate.h; sourceTree = "<group>"; };
		431290EE1A3A7BF200C64D9A /* AppDelegate.m */ = {isa = PBXFileReference; fileEncoding = 4; lastKnownFileType = sourcecode.c.objc; path = AppDelegate.m; sourceTree = "<group>"; };
		431290EF1A3A7BF200C64D9A /* Color.metal */ = {isa = PBXFileReference; fileEncoding = 4; lastKnownFileType = sourcecode.metal; path = Color.metal; sourceTree = "<group>"; };
		431290F01A3A7BF200C64D9A /* NTMetalView.h */ = {isa = PBXFileReference; fileEncoding = 4; lastKnownFileType = sourcecode.c.h; path = NTMetalView.h; sourceTree = "<group>"; };
		431290F11A3A7BF200C64D9A /* NTMetalView.m */ = {isa = PBXFileReference; fileEncoding = 4; lastKnownFileType = sourcecode.c.objc; path = NTMetalView.m; sourceTree = "<group>"; };
		431290F21A3A7BF200C64D9A /* NTSharedDataTypes.h */ = {isa = PBXFileReference; fileEncoding = 4; lastKnownFileType = sourcecode.c.h; path = NTSharedDataTypes.h; sourceTree = "<group>"; };
		431290F31A3A7BF200C64D9A /* ViewController.h */ = {isa = PBXFileReference; fileEncoding = 4; lastKnownFileType = sourcecode.c.h; path = ViewController.h; sourceTree = "<group>"; };
		431290F41A3A7BF200C64D9A /* ViewController.m */ = {isa = PBXFileReference; fileEncoding = 4; lastKnownFileType = sourcecode.c.objc; path = ViewController.m; sourceTree = "<group>"; };
		43816E2B1A357CEC005BD026 /* metal_presentation.app */ = {isa = PBXFileReference; explicitFileType = wrapper.application; includeInIndex = 0; path = metal_presentation.app; sourceTree = BUILT_PRODUCTS_DIR; };
		43816E2F1A357CEC005BD026 /* Info.plist */ = {isa = PBXFileReference; lastKnownFileType = text.plist.xml; path = Info.plist; sourceTree = "<group>"; };
		43816E301A357CEC005BD026 /* main.m */ = {isa = PBXFileReference; lastKnownFileType = sourcecode.c.objc; path = main.m; sourceTree = "<group>"; };
		43816E391A357CEC005BD026 /* Base */ = {isa = PBXFileReference; lastKnownFileType = file.storyboard; name = Base; path = Base.lproj/Main.storyboard; sourceTree = "<group>"; };
		43816E3B1A357CEC005BD026 /* Images.xcassets */ = {isa = PBXFileReference; lastKnownFileType = folder.assetcatalog; path = Images.xcassets; sourceTree = "<group>"; };
		43816E3E1A357CEC005BD026 /* Base */ = {isa = PBXFileReference; lastKnownFileType = file.xib; name = Base; path = Base.lproj/LaunchScreen.xib; sourceTree = "<group>"; };
		43816E441A357CEC005BD026 /* metal_presentationTests.xctest */ = {isa = PBXFileReference; explicitFileType = wrapper.cfbundle; includeInIndex = 0; path = metal_presentationTests.xctest; sourceTree = BUILT_PRODUCTS_DIR; };
		43816E491A357CEC005BD026 /* Info.plist */ = {isa = PBXFileReference; lastKnownFileType = text.plist.xml; path = Info.plist; sourceTree = "<group>"; };
		43816E4A1A357CEC005BD026 /* metal_presentationTests.m */ = {isa = PBXFileReference; lastKnownFileType = sourcecode.c.objc; path = metal_presentationTests.m; sourceTree = "<group>"; };
		43816E991A36D6C8005BD026 /* NTComponents.h */ = {isa = PBXFileReference; fileEncoding = 4; lastKnownFileType = sourcecode.c.h; path = NTComponents.h; sourceTree = "<group>"; };
		43816E9A1A36D6C8005BD026 /* NTCameraComponent.h */ = {isa = PBXFileReference; fileEncoding = 4; lastKnownFileType = sourcecode.c.h; path = NTCameraComponent.h; sourceTree = "<group>"; };
		43816E9B1A36D6C8005BD026 /* NTCameraComponent.m */ = {isa = PBXFileReference; fileEncoding = 4; lastKnownFileType = sourcecode.c.objc; path = NTCameraComponent.m; sourceTree = "<group>"; };
		43816E9C1A36D6C8005BD026 /* NTComponent.h */ = {isa = PBXFileReference; fileEncoding = 4; lastKnownFileType = sourcecode.c.h; path = NTComponent.h; sourceTree = "<group>"; };
		43816E9D1A36D6C8005BD026 /* NTComponent.mm */ = {isa = PBXFileReference; fileEncoding = 4; lastKnownFileType = sourcecode.cpp.objcpp; path = NTComponent.mm; sourceTree = "<group>"; };
		43816EA61A36D6C8005BD026 /* NTCubeWireMeshComponent.h */ = {isa = PBXFileReference; fileEncoding = 4; lastKnownFileType = sourcecode.c.h; path = NTCubeWireMeshComponent.h; sourceTree = "<group>"; };
		43816EA71A36D6C8005BD026 /* NTCubeWireMeshComponent.m */ = {isa = PBXFileReference; fileEncoding = 4; lastKnownFileType = sourcecode.c.objc; path = NTCubeWireMeshComponent.m; sourceTree = "<group>"; };
		43816EAA1A36D6C8005BD026 /* NTQuadMeshComponent.h */ = {isa = PBXFileReference; fileEncoding = 4; lastKnownFileType = sourcecode.c.h; path = NTQuadMeshComponent.h; sourceTree = "<group>"; };
		43816EAB1A36D6C8005BD026 /* NTQuadMeshComponent.m */ = {isa = PBXFileReference; fileEncoding = 4; lastKnownFileType = sourcecode.c.objc; path = NTQuadMeshComponent.m; sourceTree = "<group>"; };
		43816EAC1A36D6C8005BD026 /* NTSphereMeshComponent.h */ = {isa = PBXFileReference; fileEncoding = 4; lastKnownFileType = sourcecode.c.h; path = NTSphereMeshComponent.h; sourceTree = "<group>"; };
		43816EAD1A36D6C8005BD026 /* NTSphereMeshComponent.m */ = {isa = PBXFileReference; fileEncoding = 4; lastKnownFileType = sourcecode.c.objc; path = NTSphereMeshComponent.m; sourceTree = "<group>"; };
		43816EAF1A36D6C8005BD026 /* NTTextureQuadMeshComponent.h */ = {isa = PBXFileReference; fileEncoding = 4; lastKnownFileType = sourcecode.c.h; path = NTTextureQuadMeshComponent.h; sourceTree = "<group>"; };
		43816EB01A36D6C8005BD026 /* NTTextureQuadMeshComponent.m */ = {isa = PBXFileReference; fileEncoding = 4; lastKnownFileType = sourcecode.c.objc; path = NTTextureQuadMeshComponent.m; sourceTree = "<group>"; };
		43816EB11A36D6C8005BD026 /* NTLineMeshComponent.h */ = {isa = PBXFileReference; fileEncoding = 4; lastKnownFileType = sourcecode.c.h; path = NTLineMeshComponent.h; sourceTree = "<group>"; };
		43816EB21A36D6C8005BD026 /* NTLineMeshComponent.mm */ = {isa = PBXFileReference; fileEncoding = 4; lastKnownFileType = sourcecode.cpp.objcpp; path = NTLineMeshComponent.mm; sourceTree = "<group>"; };
		43816EB31A36D6C8005BD026 /* NTSpherePlaneMeshComponent.h */ = {isa = PBXFileReference; fileEncoding = 4; lastKnownFileType = sourcecode.c.h; path = NTSpherePlaneMeshComponent.h; sourceTree = "<group>"; };
		43816EB41A36D6C8005BD026 /* NTSpherePlaneMeshComponent.m */ = {isa = PBXFileReference; fileEncoding = 4; lastKnownFileType = sourcecode.c.objc; path = NTSpherePlaneMeshComponent.m; sourceTree = "<group>"; };
		43816EB51A36D6C8005BD026 /* NTRayMeshComponent.h */ = {isa = PBXFileReference; fileEncoding = 4; lastKnownFileType = sourcecode.c.h; path = NTRayMeshComponent.h; sourceTree = "<group>"; };
		43816EB61A36D6C8005BD026 /* NTRayMeshComponent.m */ = {isa = PBXFileReference; fileEncoding = 4; lastKnownFileType = sourcecode.c.objc; path = NTRayMeshComponent.m; sourceTree = "<group>"; };
		43816EB71A36D6C8005BD026 /* NTObjectGroup.h */ = {isa = PBXFileReference; fileEncoding = 4; lastKnownFileType = sourcecode.c.h; path = NTObjectGroup.h; sourceTree = "<group>"; };
		43816EB81A36D6C8005BD026 /* NTObjectGroup.m */ = {isa = PBXFileReference; fileEncoding = 4; lastKnownFileType = sourcecode.c.objc; path = NTObjectGroup.m; sourceTree = "<group>"; };
		43816EB91A36D6C8005BD026 /* NTMeshProtocol.h */ = {isa = PBXFileReference; fileEncoding = 4; lastKnownFileType = sourcecode.c.h; path = NTMeshProtocol.h; sourceTree = "<group>"; };
		43816EBA1A36D6C8005BD026 /* NTMeshComponent.h */ = {isa = PBXFileReference; fileEncoding = 4; lastKnownFileType = sourcecode.c.h; path = NTMeshComponent.h; sourceTree = "<group>"; };
		43816EBB1A36D6C8005BD026 /* NTTexture.h */ = {isa = PBXFileReference; fileEncoding = 4; lastKnownFileType = sourcecode.c.h; path = NTTexture.h; sourceTree = "<group>"; };
		43816EBC1A36D6C8005BD026 /* NTTexture.m */ = {isa = PBXFileReference; fileEncoding = 4; lastKnownFileType = sourcecode.c.objc; path = NTTexture.m; sourceTree = "<group>"; };
		43816EBD1A36D6C8005BD026 /* NTConversion.h */ = {isa = PBXFileReference; fileEncoding = 4; lastKnownFileType = sourcecode.c.h; path = NTConversion.h; sourceTree = "<group>"; };
		43816EBE1A36D6C8005BD026 /* NTConversion.m */ = {isa = PBXFileReference; fileEncoding = 4; lastKnownFileType = sourcecode.c.objc; path = NTConversion.m; sourceTree = "<group>"; };
		43816EBF1A36D6C8005BD026 /* NTUtilities.h */ = {isa = PBXFileReference; fileEncoding = 4; lastKnownFileType = sourcecode.c.h; path = NTUtilities.h; sourceTree = "<group>"; };
		43816EC01A36D6C8005BD026 /* NTUtilities.m */ = {isa = PBXFileReference; fileEncoding = 4; lastKnownFileType = sourcecode.c.objc; path = NTUtilities.m; sourceTree = "<group>"; };
		43816EC11A36D6C8005BD026 /* NTMath.h */ = {isa = PBXFileReference; fileEncoding = 4; lastKnownFileType = sourcecode.c.h; path = NTMath.h; sourceTree = "<group>"; };
		43816EC21A36D6C8005BD026 /* NTMath.m */ = {isa = PBXFileReference; fileEncoding = 4; lastKnownFileType = sourcecode.c.objc; path = NTMath.m; sourceTree = "<group>"; };
		43816EC31A36D6C8005BD026 /* NTCollisionTest.h */ = {isa = PBXFileReference; fileEncoding = 4; lastKnownFileType = sourcecode.c.h; path = NTCollisionTest.h; sourceTree = "<group>"; };
		43816EC41A36D6C8005BD026 /* NTCollisionTest.m */ = {isa = PBXFileReference; fileEncoding = 4; lastKnownFileType = sourcecode.c.objc; path = NTCollisionTest.m; sourceTree = "<group>"; };
		43816EC51A36D6C8005BD026 /* NTHelpers.h */ = {isa = PBXFileReference; fileEncoding = 4; lastKnownFileType = sourcecode.c.h; path = NTHelpers.h; sourceTree = "<group>"; };
		438B6F861A376FC1006D0CC1 /* NTTransformComponent.h */ = {isa = PBXFileReference; fileEncoding = 4; lastKnownFileType = sourcecode.c.h; path = NTTransformComponent.h; sourceTree = "<group>"; };
		438B6F871A376FC1006D0CC1 /* NTTransformComponent.m */ = {isa = PBXFileReference; fileEncoding = 4; lastKnownFileType = sourcecode.c.objc; path = NTTransformComponent.m; sourceTree = "<group>"; };
		43C00E7A1A37B73B001A10D7 /* NTCubeMeshComponent.h */ = {isa = PBXFileReference; fileEncoding = 4; lastKnownFileType = sourcecode.c.h; path = NTCubeMeshComponent.h; sourceTree = "<group>"; };
		43C00E7B1A37B73B001A10D7 /* NTCubeMeshComponent.m */ = {isa = PBXFileReference; fileEncoding = 4; lastKnownFileType = sourcecode.c.objc; path = NTCubeMeshComponent.m; sourceTree = "<group>"; };
/* End PBXFileReference section */

/* Begin PBXFrameworksBuildPhase section */
		43816E281A357CEC005BD026 /* Frameworks */ = {
			isa = PBXFrameworksBuildPhase;
			buildActionMask = 2147483647;
			files = (
			);
			runOnlyForDeploymentPostprocessing = 0;
		};
		43816E411A357CEC005BD026 /* Frameworks */ = {
			isa = PBXFrameworksBuildPhase;
			buildActionMask = 2147483647;
			files = (
			);
			runOnlyForDeploymentPostprocessing = 0;
		};
/* End PBXFrameworksBuildPhase section */

/* Begin PBXGroup section */
		43816E221A357CEC005BD026 = {
			isa = PBXGroup;
			children = (
				43816E2D1A357CEC005BD026 /* metal_presentation */,
				43816E471A357CEC005BD026 /* metal_presentationTests */,
				43816E2C1A357CEC005BD026 /* Products */,
			);
			sourceTree = "<group>";
		};
		43816E2C1A357CEC005BD026 /* Products */ = {
			isa = PBXGroup;
			children = (
				43816E2B1A357CEC005BD026 /* metal_presentation.app */,
				43816E441A357CEC005BD026 /* metal_presentationTests.xctest */,
			);
			name = Products;
			sourceTree = "<group>";
		};
		43816E2D1A357CEC005BD026 /* metal_presentation */ = {
			isa = PBXGroup;
			children = (
				43816E971A36D69F005BD026 /* Source */,
				43816E381A357CEC005BD026 /* Main.storyboard */,
				43816E3B1A357CEC005BD026 /* Images.xcassets */,
				43816E3D1A357CEC005BD026 /* LaunchScreen.xib */,
				43816E2E1A357CEC005BD026 /* Supporting Files */,
			);
			path = metal_presentation;
			sourceTree = "<group>";
		};
		43816E2E1A357CEC005BD026 /* Supporting Files */ = {
			isa = PBXGroup;
			children = (
				43816E2F1A357CEC005BD026 /* Info.plist */,
				43816E301A357CEC005BD026 /* main.m */,
			);
			name = "Supporting Files";
			sourceTree = "<group>";
		};
		43816E471A357CEC005BD026 /* metal_presentationTests */ = {
			isa = PBXGroup;
			children = (
				43816E4A1A357CEC005BD026 /* metal_presentationTests.m */,
				43816E481A357CEC005BD026 /* Supporting Files */,
			);
			path = metal_presentationTests;
			sourceTree = "<group>";
		};
		43816E481A357CEC005BD026 /* Supporting Files */ = {
			isa = PBXGroup;
			children = (
				43816E491A357CEC005BD026 /* Info.plist */,
			);
			name = "Supporting Files";
			sourceTree = "<group>";
		};
		43816E971A36D69F005BD026 /* Source */ = {
			isa = PBXGroup;
			children = (
				431290ED1A3A7BF200C64D9A /* AppDelegate.h */,
				431290EE1A3A7BF200C64D9A /* AppDelegate.m */,
				431290EF1A3A7BF200C64D9A /* Color.metal */,
				431290F01A3A7BF200C64D9A /* NTMetalView.h */,
				431290F11A3A7BF200C64D9A /* NTMetalView.m */,
				431290F21A3A7BF200C64D9A /* NTSharedDataTypes.h */,
				431290F31A3A7BF200C64D9A /* ViewController.h */,
				431290F41A3A7BF200C64D9A /* ViewController.m */,
				43816E981A36D69F005BD026 /* EngineSource */,
			);
			path = Source;
			sourceTree = "<group>";
		};
		43816E981A36D69F005BD026 /* EngineSource */ = {
			isa = PBXGroup;
			children = (
				43816E991A36D6C8005BD026 /* NTComponents.h */,
				43816E9A1A36D6C8005BD026 /* NTCameraComponent.h */,
				43816E9B1A36D6C8005BD026 /* NTCameraComponent.m */,
				43816E9C1A36D6C8005BD026 /* NTComponent.h */,
				43816E9D1A36D6C8005BD026 /* NTComponent.mm */,
				438B6F861A376FC1006D0CC1 /* NTTransformComponent.h */,
				438B6F871A376FC1006D0CC1 /* NTTransformComponent.m */,
				43C00E7A1A37B73B001A10D7 /* NTCubeMeshComponent.h */,
				43C00E7B1A37B73B001A10D7 /* NTCubeMeshComponent.m */,
				43816EA61A36D6C8005BD026 /* NTCubeWireMeshComponent.h */,
				43816EA71A36D6C8005BD026 /* NTCubeWireMeshComponent.m */,
				43816EAA1A36D6C8005BD026 /* NTQuadMeshComponent.h */,
				43816EAB1A36D6C8005BD026 /* NTQuadMeshComponent.m */,
				43816EAC1A36D6C8005BD026 /* NTSphereMeshComponent.h */,
				43816EAD1A36D6C8005BD026 /* NTSphereMeshComponent.m */,
				43816EAF1A36D6C8005BD026 /* NTTextureQuadMeshComponent.h */,
				43816EB01A36D6C8005BD026 /* NTTextureQuadMeshComponent.m */,
				43816EB11A36D6C8005BD026 /* NTLineMeshComponent.h */,
				43816EB21A36D6C8005BD026 /* NTLineMeshComponent.mm */,
				43816EB31A36D6C8005BD026 /* NTSpherePlaneMeshComponent.h */,
				43816EB41A36D6C8005BD026 /* NTSpherePlaneMeshComponent.m */,
				43816EB51A36D6C8005BD026 /* NTRayMeshComponent.h */,
				43816EB61A36D6C8005BD026 /* NTRayMeshComponent.m */,
				43816EB71A36D6C8005BD026 /* NTObjectGroup.h */,
				43816EB81A36D6C8005BD026 /* NTObjectGroup.m */,
				43816EB91A36D6C8005BD026 /* NTMeshProtocol.h */,
				43816EBA1A36D6C8005BD026 /* NTMeshComponent.h */,
				43816EBB1A36D6C8005BD026 /* NTTexture.h */,
				43816EBC1A36D6C8005BD026 /* NTTexture.m */,
				43816EBD1A36D6C8005BD026 /* NTConversion.h */,
				43816EBE1A36D6C8005BD026 /* NTConversion.m */,
				43816EBF1A36D6C8005BD026 /* NTUtilities.h */,
				43816EC01A36D6C8005BD026 /* NTUtilities.m */,
				43816EC11A36D6C8005BD026 /* NTMath.h */,
				43816EC21A36D6C8005BD026 /* NTMath.m */,
				43816EC31A36D6C8005BD026 /* NTCollisionTest.h */,
				43816EC41A36D6C8005BD026 /* NTCollisionTest.m */,
				43816EC51A36D6C8005BD026 /* NTHelpers.h */,
			);
			path = EngineSource;
			sourceTree = "<group>";
		};
/* End PBXGroup section */

/* Begin PBXNativeTarget section */
		43816E2A1A357CEC005BD026 /* metal_presentation */ = {
			isa = PBXNativeTarget;
			buildConfigurationList = 43816E4E1A357CEC005BD026 /* Build configuration list for PBXNativeTarget "metal_presentation" */;
			buildPhases = (
				43816E271A357CEC005BD026 /* Sources */,
				43816E281A357CEC005BD026 /* Frameworks */,
				43816E291A357CEC005BD026 /* Resources */,
			);
			buildRules = (
			);
			dependencies = (
			);
			name = metal_presentation;
			productName = metal_presentation;
			productReference = 43816E2B1A357CEC005BD026 /* metal_presentation.app */;
			productType = "com.apple.product-type.application";
		};
		43816E431A357CEC005BD026 /* metal_presentationTests */ = {
			isa = PBXNativeTarget;
			buildConfigurationList = 43816E511A357CEC005BD026 /* Build configuration list for PBXNativeTarget "metal_presentationTests" */;
			buildPhases = (
				43816E401A357CEC005BD026 /* Sources */,
				43816E411A357CEC005BD026 /* Frameworks */,
				43816E421A357CEC005BD026 /* Resources */,
			);
			buildRules = (
			);
			dependencies = (
				43816E461A357CEC005BD026 /* PBXTargetDependency */,
			);
			name = metal_presentationTests;
			productName = metal_presentationTests;
			productReference = 43816E441A357CEC005BD026 /* metal_presentationTests.xctest */;
			productType = "com.apple.product-type.bundle.unit-test";
		};
/* End PBXNativeTarget section */

/* Begin PBXProject section */
		43816E231A357CEC005BD026 /* Project object */ = {
			isa = PBXProject;
			attributes = {
				LastUpgradeCheck = 0610;
				ORGANIZATIONNAME = ifcantel;
				TargetAttributes = {
					43816E2A1A357CEC005BD026 = {
						CreatedOnToolsVersion = 6.1;
					};
					43816E431A357CEC005BD026 = {
						CreatedOnToolsVersion = 6.1;
						TestTargetID = 43816E2A1A357CEC005BD026;
					};
				};
			};
			buildConfigurationList = 43816E261A357CEC005BD026 /* Build configuration list for PBXProject "metal_presentation" */;
			compatibilityVersion = "Xcode 3.2";
			developmentRegion = English;
			hasScannedForEncodings = 0;
			knownRegions = (
				en,
				Base,
			);
			mainGroup = 43816E221A357CEC005BD026;
			productRefGroup = 43816E2C1A357CEC005BD026 /* Products */;
			projectDirPath = "";
			projectRoot = "";
			targets = (
				43816E2A1A357CEC005BD026 /* metal_presentation */,
				43816E431A357CEC005BD026 /* metal_presentationTests */,
			);
		};
/* End PBXProject section */

/* Begin PBXResourcesBuildPhase section */
		43816E291A357CEC005BD026 /* Resources */ = {
			isa = PBXResourcesBuildPhase;
			buildActionMask = 2147483647;
			files = (
				43816E3A1A357CEC005BD026 /* Main.storyboard in Resources */,
				43816E3F1A357CEC005BD026 /* LaunchScreen.xib in Resources */,
				43816E3C1A357CEC005BD026 /* Images.xcassets in Resources */,
			);
			runOnlyForDeploymentPostprocessing = 0;
		};
		43816E421A357CEC005BD026 /* Resources */ = {
			isa = PBXResourcesBuildPhase;
			buildActionMask = 2147483647;
			files = (
			);
			runOnlyForDeploymentPostprocessing = 0;
		};
/* End PBXResourcesBuildPhase section */

/* Begin PBXSourcesBuildPhase section */
		43816E271A357CEC005BD026 /* Sources */ = {
			isa = PBXSourcesBuildPhase;
			buildActionMask = 2147483647;
			files = (
				431290F51A3A7BF200C64D9A /* AppDelegate.m in Sources */,
				43816ECF1A36D6C8005BD026 /* NTSphereMeshComponent.m in Sources */,
				43816ED01A36D6C8005BD026 /* NTTextureQuadMeshComponent.m in Sources */,
				43816EC61A36D6C8005BD026 /* NTCameraComponent.m in Sources */,
				43816ED21A36D6C8005BD026 /* NTSpherePlaneMeshComponent.m in Sources */,
				43816ED51A36D6C8005BD026 /* NTTexture.m in Sources */,
				43816ED91A36D6C8005BD026 /* NTCollisionTest.m in Sources */,
				431290F61A3A7BF200C64D9A /* Color.metal in Sources */,
				43816ED11A36D6C8005BD026 /* NTLineMeshComponent.mm in Sources */,
				43816EC71A36D6C8005BD026 /* NTComponent.mm in Sources */,
				438B6F881A376FC1006D0CC1 /* NTTransformComponent.m in Sources */,
				43816ECE1A36D6C8005BD026 /* NTQuadMeshComponent.m in Sources */,
				43816E311A357CEC005BD026 /* main.m in Sources */,
				43816ECC1A36D6C8005BD026 /* NTCubeWireMeshComponent.m in Sources */,
				43816ED81A36D6C8005BD026 /* NTMath.m in Sources */,
				43816ED71A36D6C8005BD026 /* NTUtilities.m in Sources */,
				431290F81A3A7BF200C64D9A /* ViewController.m in Sources */,
				43816ED61A36D6C8005BD026 /* NTConversion.m in Sources */,
				43816ED41A36D6C8005BD026 /* NTObjectGroup.m in Sources */,
				43816ED31A36D6C8005BD026 /* NTRayMeshComponent.m in Sources */,
				43C00E7C1A37B73B001A10D7 /* NTCubeMeshComponent.m in Sources */,
				431290F71A3A7BF200C64D9A /* NTMetalView.m in Sources */,
			);
			runOnlyForDeploymentPostprocessing = 0;
		};
		43816E401A357CEC005BD026 /* Sources */ = {
			isa = PBXSourcesBuildPhase;
			buildActionMask = 2147483647;
			files = (
				43816E4B1A357CEC005BD026 /* metal_presentationTests.m in Sources */,
			);
			runOnlyForDeploymentPostprocessing = 0;
		};
/* End PBXSourcesBuildPhase section */

/* Begin PBXTargetDependency section */
		43816E461A357CEC005BD026 /* PBXTargetDependency */ = {
			isa = PBXTargetDependency;
			target = 43816E2A1A357CEC005BD026 /* metal_presentation */;
			targetProxy = 43816E451A357CEC005BD026 /* PBXContainerItemProxy */;
		};
/* End PBXTargetDependency section */

/* Begin PBXVariantGroup section */
		43816E381A357CEC005BD026 /* Main.storyboard */ = {
			isa = PBXVariantGroup;
			children = (
				43816E391A357CEC005BD026 /* Base */,
			);
			name = Main.storyboard;
			sourceTree = "<group>";
		};
		43816E3D1A357CEC005BD026 /* LaunchScreen.xib */ = {
			isa = PBXVariantGroup;
			children = (
				43816E3E1A357CEC005BD026 /* Base */,
			);
			name = LaunchScreen.xib;
			sourceTree = "<group>";
		};
/* End PBXVariantGroup section */

/* Begin XCBuildConfiguration section */
		43816E4C1A357CEC005BD026 /* Debug */ = {
			isa = XCBuildConfiguration;
			buildSettings = {
				ALWAYS_SEARCH_USER_PATHS = NO;
				CLANG_CXX_LANGUAGE_STANDARD = "gnu++0x";
				CLANG_CXX_LIBRARY = "libc++";
				CLANG_ENABLE_MODULES = YES;
				CLANG_ENABLE_OBJC_ARC = YES;
				CLANG_WARN_BOOL_CONVERSION = YES;
				CLANG_WARN_CONSTANT_CONVERSION = YES;
				CLANG_WARN_DIRECT_OBJC_ISA_USAGE = YES_ERROR;
				CLANG_WARN_EMPTY_BODY = YES;
				CLANG_WARN_ENUM_CONVERSION = YES;
				CLANG_WARN_INT_CONVERSION = YES;
				CLANG_WARN_OBJC_ROOT_CLASS = YES_ERROR;
				CLANG_WARN_UNREACHABLE_CODE = YES;
				CLANG_WARN__DUPLICATE_METHOD_MATCH = YES;
				"CODE_SIGN_IDENTITY[sdk=iphoneos*]" = "iPhone Developer";
				COPY_PHASE_STRIP = NO;
				ENABLE_STRICT_OBJC_MSGSEND = YES;
				GCC_C_LANGUAGE_STANDARD = gnu99;
				GCC_DYNAMIC_NO_PIC = NO;
				GCC_OPTIMIZATION_LEVEL = 0;
				GCC_PREPROCESSOR_DEFINITIONS = (
					"DEBUG=1",
					"$(inherited)",
				);
				GCC_SYMBOLS_PRIVATE_EXTERN = NO;
				GCC_WARN_64_TO_32_BIT_CONVERSION = YES;
				GCC_WARN_ABOUT_RETURN_TYPE = YES_ERROR;
				GCC_WARN_UNDECLARED_SELECTOR = YES;
				GCC_WARN_UNINITIALIZED_AUTOS = YES_AGGRESSIVE;
				GCC_WARN_UNUSED_FUNCTION = YES;
				GCC_WARN_UNUSED_VARIABLE = YES;
				IPHONEOS_DEPLOYMENT_TARGET = 8.1;
				MTL_ENABLE_DEBUG_INFO = YES;
				ONLY_ACTIVE_ARCH = YES;
				SDKROOT = iphoneos;
			};
			name = Debug;
		};
		43816E4D1A357CEC005BD026 /* Release */ = {
			isa = XCBuildConfiguration;
			buildSettings = {
				ALWAYS_SEARCH_USER_PATHS = NO;
				CLANG_CXX_LANGUAGE_STANDARD = "gnu++0x";
				CLANG_CXX_LIBRARY = "libc++";
				CLANG_ENABLE_MODULES = YES;
				CLANG_ENABLE_OBJC_ARC = YES;
				CLANG_WARN_BOOL_CONVERSION = YES;
				CLANG_WARN_CONSTANT_CONVERSION = YES;
				CLANG_WARN_DIRECT_OBJC_ISA_USAGE = YES_ERROR;
				CLANG_WARN_EMPTY_BODY = YES;
				CLANG_WARN_ENUM_CONVERSION = YES;
				CLANG_WARN_INT_CONVERSION = YES;
				CLANG_WARN_OBJC_ROOT_CLASS = YES_ERROR;
				CLANG_WARN_UNREACHABLE_CODE = YES;
				CLANG_WARN__DUPLICATE_METHOD_MATCH = YES;
				"CODE_SIGN_IDENTITY[sdk=iphoneos*]" = "iPhone Developer";
				COPY_PHASE_STRIP = YES;
				ENABLE_NS_ASSERTIONS = NO;
				ENABLE_STRICT_OBJC_MSGSEND = YES;
				GCC_C_LANGUAGE_STANDARD = gnu99;
				GCC_WARN_64_TO_32_BIT_CONVERSION = YES;
				GCC_WARN_ABOUT_RETURN_TYPE = YES_ERROR;
				GCC_WARN_UNDECLARED_SELECTOR = YES;
				GCC_WARN_UNINITIALIZED_AUTOS = YES_AGGRESSIVE;
				GCC_WARN_UNUSED_FUNCTION = YES;
				GCC_WARN_UNUSED_VARIABLE = YES;
				IPHONEOS_DEPLOYMENT_TARGET = 8.1;
				MTL_ENABLE_DEBUG_INFO = NO;
				SDKROOT = iphoneos;
				VALIDATE_PRODUCT = YES;
			};
			name = Release;
		};
		43816E4F1A357CEC005BD026 /* Debug */ = {
			isa = XCBuildConfiguration;
			buildSettings = {
				ASSETCATALOG_COMPILER_APPICON_NAME = AppIcon;
				INFOPLIST_FILE = metal_presentation/Info.plist;
				IPHONEOS_DEPLOYMENT_TARGET = 8.0;
				LD_RUNPATH_SEARCH_PATHS = "$(inherited) @executable_path/Frameworks";
				PRODUCT_NAME = "$(TARGET_NAME)";
			};
			name = Debug;
		};
		43816E501A357CEC005BD026 /* Release */ = {
			isa = XCBuildConfiguration;
			buildSettings = {
				ASSETCATALOG_COMPILER_APPICON_NAME = AppIcon;
				INFOPLIST_FILE = metal_presentation/Info.plist;
				IPHONEOS_DEPLOYMENT_TARGET = 8.0;
				LD_RUNPATH_SEARCH_PATHS = "$(inherited) @executable_path/Frameworks";
				PRODUCT_NAME = "$(TARGET_NAME)";
			};
			name = Release;
		};
		43816E521A357CEC005BD026 /* Debug */ = {
			isa = XCBuildConfiguration;
			buildSettings = {
				BUNDLE_LOADER = "$(TEST_HOST)";
				FRAMEWORK_SEARCH_PATHS = (
					"$(SDKROOT)/Developer/Library/Frameworks",
					"$(inherited)",
				);
				GCC_PREPROCESSOR_DEFINITIONS = (
					"DEBUG=1",
					"$(inherited)",
				);
				INFOPLIST_FILE = metal_presentationTests/Info.plist;
				LD_RUNPATH_SEARCH_PATHS = "$(inherited) @executable_path/Frameworks @loader_path/Frameworks";
				PRODUCT_NAME = "$(TARGET_NAME)";
				TEST_HOST = "$(BUILT_PRODUCTS_DIR)/metal_presentation.app/metal_presentation";
			};
			name = Debug;
		};
		43816E531A357CEC005BD026 /* Release */ = {
			isa = XCBuildConfiguration;
			buildSettings = {
				BUNDLE_LOADER = "$(TEST_HOST)";
				FRAMEWORK_SEARCH_PATHS = (
					"$(SDKROOT)/Developer/Library/Frameworks",
					"$(inherited)",
				);
				INFOPLIST_FILE = metal_presentationTests/Info.plist;
				LD_RUNPATH_SEARCH_PATHS = "$(inherited) @executable_path/Frameworks @loader_path/Frameworks";
				PRODUCT_NAME = "$(TARGET_NAME)";
				TEST_HOST = "$(BUILT_PRODUCTS_DIR)/metal_presentation.app/metal_presentation";
			};
			name = Release;
		};
/* End XCBuildConfiguration section */

/* Begin XCConfigurationList section */
		43816E261A357CEC005BD026 /* Build configuration list for PBXProject "metal_presentation" */ = {
			isa = XCConfigurationList;
			buildConfigurations = (
				43816E4C1A357CEC005BD026 /* Debug */,
				43816E4D1A357CEC005BD026 /* Release */,
			);
			defaultConfigurationIsVisible = 0;
			defaultConfigurationName = Release;
		};
		43816E4E1A357CEC005BD026 /* Build configuration list for PBXNativeTarget "metal_presentation" */ = {
			isa = XCConfigurationList;
			buildConfigurations = (
				43816E4F1A357CEC005BD026 /* Debug */,
				43816E501A357CEC005BD026 /* Release */,
			);
			defaultConfigurationIsVisible = 0;
			defaultConfigurationName = Release;
		};
		43816E511A357CEC005BD026 /* Build configuration list for PBXNativeTarget "metal_presentationTests" */ = {
			isa = XCConfigurationList;
			buildConfigurations = (
				43816E521A357CEC005BD026 /* Debug */,
				43816E531A357CEC005BD026 /* Release */,
			);
			defaultConfigurationIsVisible = 0;
			defaultConfigurationName = Release;
		};
/* End XCConfigurationList section */
	};
	rootObject = 43816E231A357CEC005BD026 /* Project object */;
}
